{
  "version": 4,
  "terraform_version": "1.4.2",
  "serial": 2,
  "lineage": "ade1d82c-70b6-1483-2d3c-fc047bb355a5",
  "outputs": {
    "agent": {
      "value": {
        "created_at": "6085e465-7178-49bd-8e4a-81eebcdb9af4",
        "description": "Fastly Realtime is an intelligent agent that helps you fetch only realtime stats for a specific Fastly service efficiently.\n",
        "environment_variables": {
          "DEBUG": "1",
          "KUBIYA_AGENT_STREAMING_DISABLED": "1",
          "KUBIYA_TOOL_CONFIG_URLS": "https://gist.githubusercontent.com/michagonzo77/16487f19ef8a7bfebd2ac9897ca56127/raw/a7cf76ed47ddfd53dfaa1b17f6f358aa8557359c/realtime-fastly.yaml",
          "LOG_LEVEL": "INFO",
          "TOOLS_MANAGER_URL": "http://localhost:3001",
          "TOOLS_SERVER_URL": "http://localhost:3001",
          "TOOL_MANAGER_LOG_FILE": "/tmp/tool-manager.log",
          "TOOL_SERVER_URL": "http://localhost:3001"
        },
        "groups": [
          "Admin"
        ],
        "id": "506d6b28-0f8b-49c8-a449-2e41da6901d2",
        "image": "kubiya/base-agent:tools-v2",
        "instructions": "You are an intelligent agent designed to retrieve realtime stats of Fastly services.\n",
        "integrations": [
          "slack"
        ],
        "links": [],
        "model": "azure/gpt-4o",
        "name": "Fastly Realtime - TEST",
        "owner": "michael.gonzalez@aenetworks.com",
        "runner": "production-cluster",
        "secrets": [
          "FASTLY_API_TOKEN"
        ],
        "starters": [
          {
            "command": "Show me the real-time overview of the yoga service on production",
            "name": "📈 RT Overview - Yoga Prod"
          },
          {
            "command": "Show me the real-time overview of the pulse service on production",
            "name": "📈 RT Overview - Pulse Prod"
          },
          {
            "command": "Show me the real-time overview of the cplay service on production",
            "name": "📈 RT Overview - Cplay Prod"
          },
          {
            "command": "Show me the real-time overview of the roku service on production",
            "name": "📈 RT Overview - Roku Prod"
          },
          {
            "command": "Show me the real-time overview of the webcenter service on production",
            "name": "📈 RT Overview - Webcenter Prod"
          }
        ],
        "tasks": null,
        "users": []
      },
      "type": [
        "object",
        {
          "created_at": "string",
          "description": "string",
          "environment_variables": [
            "map",
            "string"
          ],
          "groups": [
            "list",
            "string"
          ],
          "id": "string",
          "image": "string",
          "instructions": "string",
          "integrations": [
            "list",
            "string"
          ],
          "links": [
            "list",
            "string"
          ],
          "model": "string",
          "name": "string",
          "owner": "string",
          "runner": "string",
          "secrets": [
            "list",
            "string"
          ],
          "starters": [
            "list",
            [
              "object",
              {
                "command": "string",
                "name": "string"
              }
            ]
          ],
          "tasks": [
            "list",
            [
              "object",
              {
                "description": "string",
                "name": "string",
                "prompt": "string"
              }
            ]
          ],
          "users": [
            "list",
            "string"
          ]
        }
      ]
    }
  },
  "resources": [
    {
      "mode": "managed",
      "type": "kubiya_agent",
      "name": "agent",
      "provider": "provider[\"registry.terraform.io/kubiya-terraform/kubiya\"]",
      "instances": [
        {
          "schema_version": 0,
          "attributes": {
            "created_at": "6085e465-7178-49bd-8e4a-81eebcdb9af4",
            "description": "Fastly Realtime is an intelligent agent that helps you fetch only realtime stats for a specific Fastly service efficiently.\n",
            "environment_variables": {
              "DEBUG": "1",
              "KUBIYA_AGENT_STREAMING_DISABLED": "1",
              "KUBIYA_TOOL_CONFIG_URLS": "https://gist.githubusercontent.com/michagonzo77/16487f19ef8a7bfebd2ac9897ca56127/raw/a7cf76ed47ddfd53dfaa1b17f6f358aa8557359c/realtime-fastly.yaml",
              "LOG_LEVEL": "INFO",
              "TOOLS_MANAGER_URL": "http://localhost:3001",
              "TOOLS_SERVER_URL": "http://localhost:3001",
              "TOOL_MANAGER_LOG_FILE": "/tmp/tool-manager.log",
              "TOOL_SERVER_URL": "http://localhost:3001"
            },
            "groups": [
              "Admin"
            ],
            "id": "506d6b28-0f8b-49c8-a449-2e41da6901d2",
            "image": "kubiya/base-agent:tools-v2",
            "instructions": "You are an intelligent agent designed to retrieve realtime stats of Fastly services.\n",
            "integrations": [
              "slack"
            ],
            "links": [],
            "model": "azure/gpt-4o",
            "name": "Fastly Realtime - TEST",
            "owner": "michael.gonzalez@aenetworks.com",
            "runner": "production-cluster",
            "secrets": [
              "FASTLY_API_TOKEN"
            ],
            "starters": [
              {
                "command": "Show me the real-time overview of the yoga service on production",
                "name": "📈 RT Overview - Yoga Prod"
              },
              {
                "command": "Show me the real-time overview of the pulse service on production",
                "name": "📈 RT Overview - Pulse Prod"
              },
              {
                "command": "Show me the real-time overview of the cplay service on production",
                "name": "📈 RT Overview - Cplay Prod"
              },
              {
                "command": "Show me the real-time overview of the roku service on production",
                "name": "📈 RT Overview - Roku Prod"
              },
              {
                "command": "Show me the real-time overview of the webcenter service on production",
                "name": "📈 RT Overview - Webcenter Prod"
              }
            ],
            "tasks": null,
            "users": []
          },
          "sensitive_attributes": []
        }
      ]
    }
  ],
  "check_results": null
}
