{
  "version": 4,
  "terraform_version": "1.4.2",
  "serial": 2,
  "lineage": "1360117d-1b3c-5b71-8682-4cfc0968d023",
  "outputs": {
    "agent": {
      "value": {
        "created_at": "6085e465-7178-49bd-8e4a-81eebcdb9af4",
        "description": "This agent is triggered by a pagerduty webhook and will create FreshService SEV 1 incidents.",
        "environment_variables": {
          "DEBUG": "1",
          "LOG_LEVEL": "INFO"
        },
        "groups": [
          "Admin",
          "Users"
        ],
        "id": "7888b272-ac19-46ec-809b-5d05c6097361",
        "image": "kubiya/base-agent:tools-v4",
        "instructions": "You are an intelligent agent targeted for incident response management.\n",
        "integrations": [
          "slack"
        ],
        "links": [],
        "model": "azure/gpt-4o",
        "name": "Incident Response - TEST",
        "owner": "michael.gonzalez@aenetworks.com",
        "runner": "dev-eks-sandbox",
        "secrets": [
          "FSAPI_SANDBOX"
        ],
        "starters": null,
        "tasks": null,
        "tool_sources": [
          "https://github.com/michagonzo77/aedm"
        ],
        "users": []
      },
      "type": [
        "object",
        {
          "created_at": "string",
          "description": "string",
          "environment_variables": [
            "map",
            "string"
          ],
          "groups": [
            "list",
            "string"
          ],
          "id": "string",
          "image": "string",
          "instructions": "string",
          "integrations": [
            "list",
            "string"
          ],
          "links": [
            "list",
            "string"
          ],
          "model": "string",
          "name": "string",
          "owner": "string",
          "runner": "string",
          "secrets": [
            "list",
            "string"
          ],
          "starters": [
            "list",
            [
              "object",
              {
                "command": "string",
                "name": "string"
              }
            ]
          ],
          "tasks": [
            "list",
            [
              "object",
              {
                "description": "string",
                "name": "string",
                "prompt": "string"
              }
            ]
          ],
          "tool_sources": [
            "list",
            "string"
          ],
          "users": [
            "list",
            "string"
          ]
        }
      ]
    }
  },
  "resources": [
    {
      "mode": "managed",
      "type": "kubiya_agent",
      "name": "agent",
      "provider": "provider[\"registry.terraform.io/kubiya-terraform/kubiya\"]",
      "instances": [
        {
          "schema_version": 0,
          "attributes": {
            "created_at": "6085e465-7178-49bd-8e4a-81eebcdb9af4",
            "description": "This agent is triggered by a pagerduty webhook and will create FreshService SEV 1 incidents.",
            "environment_variables": {
              "DEBUG": "1",
              "LOG_LEVEL": "INFO"
            },
            "groups": [
              "Admin",
              "Users"
            ],
            "id": "7888b272-ac19-46ec-809b-5d05c6097361",
            "image": "kubiya/base-agent:tools-v4",
            "instructions": "You are an intelligent agent targeted for incident response management.\n",
            "integrations": [
              "slack"
            ],
            "links": [],
            "model": "azure/gpt-4o",
            "name": "Incident Response - TEST",
            "owner": "michael.gonzalez@aenetworks.com",
            "runner": "dev-eks-sandbox",
            "secrets": [
              "FSAPI_SANDBOX"
            ],
            "starters": null,
            "tasks": null,
            "tool_sources": [
              "https://github.com/michagonzo77/aedm"
            ],
            "users": []
          },
          "sensitive_attributes": []
        }
      ]
    }
  ],
  "check_results": null
}
