{
  "version": 4,
  "terraform_version": "1.4.2",
  "serial": 8,
  "lineage": "ea3818ed-7b10-2604-7b39-61c89c353a60",
  "outputs": {
    "agent": {
      "value": {
        "created_at": "6085e465-7178-49bd-8e4a-81eebcdb9af4",
        "description": "Fastly Realtime is an intelligent agent that helps you fetch only realtime stats for a specific Fastly service efficiently.",
        "environment_variables": {
          "KUBIYA_DEBUG": "1",
          "KUBIYA_TOOL_TIMEOUT": "5m",
          "LOG_LEVEL": "INFO"
        },
        "groups": [
          "Admin"
        ],
        "id": "b92243fb-3e8d-4c2a-8662-2632d88d202d",
        "image": "kubiya/base-agent:tools-v5",
        "instructions": "You are an intelligent agent designed to retrieve realtime stats of Fastly services.\n",
        "integrations": [
          "slack"
        ],
        "links": [],
        "model": "azure/gpt-4o",
        "name": "Fastly Realtime - TEST",
        "owner": null,
        "runner": "dev-eks-sandbox",
        "secrets": [
          "FASTLY_API_TOKEN"
        ],
        "starters": [
          {
            "command": "Show me the real-time overview of the yoga service on production",
            "name": "📈 RT Overview - Yoga Prod"
          },
          {
            "command": "Show me the real-time overview of the pulse service on production",
            "name": "📈 RT Overview - Pulse Prod"
          },
          {
            "command": "Show me the real-time overview of the cplay service on production",
            "name": "📈 RT Overview - Cplay Prod"
          },
          {
            "command": "Show me the real-time overview of the roku service on production",
            "name": "📈 RT Overview - Roku Prod"
          },
          {
            "command": "Show me the real-time overview of the webcenter service on production",
            "name": "📈 RT Overview - Webcenter Prod"
          }
        ],
        "tasks": null,
        "tool_sources": [
          "https://github.com/michagonzo77/aedm"
        ],
        "users": []
      },
      "type": [
        "object",
        {
          "created_at": "string",
          "description": "string",
          "environment_variables": [
            "map",
            "string"
          ],
          "groups": [
            "list",
            "string"
          ],
          "id": "string",
          "image": "string",
          "instructions": "string",
          "integrations": [
            "list",
            "string"
          ],
          "links": [
            "list",
            "string"
          ],
          "model": "string",
          "name": "string",
          "owner": "string",
          "runner": "string",
          "secrets": [
            "list",
            "string"
          ],
          "starters": [
            "list",
            [
              "object",
              {
                "command": "string",
                "name": "string"
              }
            ]
          ],
          "tasks": [
            "list",
            [
              "object",
              {
                "description": "string",
                "name": "string",
                "prompt": "string"
              }
            ]
          ],
          "tool_sources": [
            "list",
            "string"
          ],
          "users": [
            "list",
            "string"
          ]
        }
      ]
    }
  },
  "resources": [
    {
      "mode": "managed",
      "type": "kubiya_agent",
      "name": "agent",
      "provider": "provider[\"registry.terraform.io/kubiya-terraform/kubiya\"]",
      "instances": [
        {
          "schema_version": 0,
          "attributes": {
            "created_at": "6085e465-7178-49bd-8e4a-81eebcdb9af4",
            "description": "Fastly Realtime is an intelligent agent that helps you fetch only realtime stats for a specific Fastly service efficiently.",
            "environment_variables": {
              "KUBIYA_DEBUG": "1",
              "KUBIYA_TOOL_TIMEOUT": "5m",
              "LOG_LEVEL": "INFO"
            },
            "groups": [
              "Admin"
            ],
            "id": "b92243fb-3e8d-4c2a-8662-2632d88d202d",
            "image": "kubiya/base-agent:tools-v5",
            "instructions": "You are an intelligent agent designed to retrieve realtime stats of Fastly services.\n",
            "integrations": [
              "slack"
            ],
            "links": [],
            "model": "azure/gpt-4o",
            "name": "Fastly Realtime - TEST",
            "owner": null,
            "runner": "dev-eks-sandbox",
            "secrets": [
              "FASTLY_API_TOKEN"
            ],
            "starters": [
              {
                "command": "Show me the real-time overview of the yoga service on production",
                "name": "📈 RT Overview - Yoga Prod"
              },
              {
                "command": "Show me the real-time overview of the pulse service on production",
                "name": "📈 RT Overview - Pulse Prod"
              },
              {
                "command": "Show me the real-time overview of the cplay service on production",
                "name": "📈 RT Overview - Cplay Prod"
              },
              {
                "command": "Show me the real-time overview of the roku service on production",
                "name": "📈 RT Overview - Roku Prod"
              },
              {
                "command": "Show me the real-time overview of the webcenter service on production",
                "name": "📈 RT Overview - Webcenter Prod"
              }
            ],
            "tasks": null,
            "tool_sources": [
              "https://github.com/michagonzo77/aedm"
            ],
            "users": []
          },
          "sensitive_attributes": []
        }
      ]
    }
  ],
  "check_results": null
}
