{
  "version": 4,
  "terraform_version": "1.4.2",
  "serial": 6,
  "lineage": "b0399926-eed6-cc42-de7b-6ce915b975b0",
  "outputs": {
    "agent": {
      "value": {
        "created_at": "6085e465-7178-49bd-8e4a-81eebcdb9af4",
        "description": "Cache Clear Fastly is an agent that can show realtime stats of different services on Fastly.\n",
        "environment_variables": {
          "DAGGER_CLOUD_TOKEN": "dag_michael-test_pnViL4yQh426WuAnaDAvhFe2yubGtG3qhc7WmA3HXr8",
          "DEBUG": "1",
          "KUBIYA_TOOL_CONFIG_URLS": "https://gist.githubusercontent.com/michagonzo77/0d432d4b668f6c6acb8708de3bb015d1/raw/a3c35dee12f4fc52b2073b7c13df47eed2ebd8f0/cache-clear.yaml",
          "LOG_LEVEL": "INFO",
          "TOOLS_MANAGER_URL": "http://localhost:3001",
          "TOOLS_SERVER_URL": "http://localhost:3001",
          "TOOL_MANAGER_LOG_FILE": "/tmp/tool-manager.log",
          "TOOL_SERVER_URL": "http://localhost:3001"
        },
        "groups": [
          "Admin"
        ],
        "id": "1617c878-b4d7-4e4e-ad27-c3c46dde695a",
        "image": "kubiya/base-agent:tools-v2",
        "instructions": "You are an intelligent agent designed to help clearing cache of Fastly services. You must always confirm with user before clearing a cache.\n",
        "integrations": [
          "slack"
        ],
        "links": [],
        "model": "azure/gpt-4o",
        "name": "Cache Clear Fastly - TEST",
        "owner": null,
        "runner": "dev-eks-sandbox",
        "secrets": [
          "FASTLY_API_TOKEN"
        ],
        "starters": null,
        "tasks": null,
        "users": [
          "michael.gonzalez@aenetworks.com"
        ]
      },
      "type": [
        "object",
        {
          "created_at": "string",
          "description": "string",
          "environment_variables": [
            "map",
            "string"
          ],
          "groups": [
            "list",
            "string"
          ],
          "id": "string",
          "image": "string",
          "instructions": "string",
          "integrations": [
            "list",
            "string"
          ],
          "links": [
            "list",
            "string"
          ],
          "model": "string",
          "name": "string",
          "owner": "string",
          "runner": "string",
          "secrets": [
            "list",
            "string"
          ],
          "starters": [
            "list",
            [
              "object",
              {
                "command": "string",
                "name": "string"
              }
            ]
          ],
          "tasks": [
            "list",
            [
              "object",
              {
                "description": "string",
                "name": "string",
                "prompt": "string"
              }
            ]
          ],
          "users": [
            "list",
            "string"
          ]
        }
      ]
    }
  },
  "resources": [
    {
      "mode": "managed",
      "type": "kubiya_agent",
      "name": "agent",
      "provider": "provider[\"registry.terraform.io/kubiya-terraform/kubiya\"]",
      "instances": [
        {
          "schema_version": 0,
          "attributes": {
            "created_at": "6085e465-7178-49bd-8e4a-81eebcdb9af4",
            "description": "Cache Clear Fastly is an agent that can show realtime stats of different services on Fastly.\n",
            "environment_variables": {
              "DAGGER_CLOUD_TOKEN": "dag_michael-test_pnViL4yQh426WuAnaDAvhFe2yubGtG3qhc7WmA3HXr8",
              "DEBUG": "1",
              "KUBIYA_TOOL_CONFIG_URLS": "https://gist.githubusercontent.com/michagonzo77/0d432d4b668f6c6acb8708de3bb015d1/raw/a3c35dee12f4fc52b2073b7c13df47eed2ebd8f0/cache-clear.yaml",
              "LOG_LEVEL": "INFO",
              "TOOLS_MANAGER_URL": "http://localhost:3001",
              "TOOLS_SERVER_URL": "http://localhost:3001",
              "TOOL_MANAGER_LOG_FILE": "/tmp/tool-manager.log",
              "TOOL_SERVER_URL": "http://localhost:3001"
            },
            "groups": [
              "Admin"
            ],
            "id": "1617c878-b4d7-4e4e-ad27-c3c46dde695a",
            "image": "kubiya/base-agent:tools-v2",
            "instructions": "You are an intelligent agent designed to help clearing cache of Fastly services. You must always confirm with user before clearing a cache.\n",
            "integrations": [
              "slack"
            ],
            "links": [],
            "model": "azure/gpt-4o",
            "name": "Cache Clear Fastly - TEST",
            "owner": null,
            "runner": "dev-eks-sandbox",
            "secrets": [
              "FASTLY_API_TOKEN"
            ],
            "starters": null,
            "tasks": null,
            "users": [
              "michael.gonzalez@aenetworks.com"
            ]
          },
          "sensitive_attributes": []
        }
      ]
    }
  ],
  "check_results": null
}
