{
  "version": 4,
  "terraform_version": "1.4.2",
  "serial": 2,
  "lineage": "a9e39bf8-6acc-9464-bb5b-1a013c9eca9f",
  "outputs": {
    "agent": {
      "value": {
        "created_at": "6085e465-7178-49bd-8e4a-81eebcdb9af4",
        "description": "Fastly Cache Purger is an intelligent agent specializing in Fastly purging tasks. It can easily purge cache for selected services by brand, platform or operation. It can clear the cache of either dev, qa, or production yoga.",
        "environment_variables": {
          "DEBUG": "1",
          "LOG_LEVEL": "INFO"
        },
        "groups": [
          "Admin"
        ],
        "id": "d533429b-62b0-4833-8c04-10fc2350acff",
        "image": "kubiya/base-agent:tools-v5",
        "instructions": "You are an intelligent agent designed to help clearing cache of Fastly services. \n**You must always confirm with user before clearing a cache.**\n",
        "integrations": [
          "slack"
        ],
        "links": [],
        "model": "azure/gpt-4o",
        "name": "Fastly Cache Purger - Test",
        "owner": "michael.gonzalez@aenetworks.com",
        "runner": "production-cluster",
        "secrets": [
          "FASTLY_API_TOKEN"
        ],
        "starters": null,
        "tasks": null,
        "tool_sources": [
          "https://github.com/michagonzo77/aedm"
        ],
        "users": []
      },
      "type": [
        "object",
        {
          "created_at": "string",
          "description": "string",
          "environment_variables": [
            "map",
            "string"
          ],
          "groups": [
            "list",
            "string"
          ],
          "id": "string",
          "image": "string",
          "instructions": "string",
          "integrations": [
            "list",
            "string"
          ],
          "links": [
            "list",
            "string"
          ],
          "model": "string",
          "name": "string",
          "owner": "string",
          "runner": "string",
          "secrets": [
            "list",
            "string"
          ],
          "starters": [
            "list",
            [
              "object",
              {
                "command": "string",
                "name": "string"
              }
            ]
          ],
          "tasks": [
            "list",
            [
              "object",
              {
                "description": "string",
                "name": "string",
                "prompt": "string"
              }
            ]
          ],
          "tool_sources": [
            "list",
            "string"
          ],
          "users": [
            "list",
            "string"
          ]
        }
      ]
    }
  },
  "resources": [
    {
      "mode": "managed",
      "type": "kubiya_agent",
      "name": "agent",
      "provider": "provider[\"registry.terraform.io/kubiya-terraform/kubiya\"]",
      "instances": [
        {
          "schema_version": 0,
          "attributes": {
            "created_at": "6085e465-7178-49bd-8e4a-81eebcdb9af4",
            "description": "Fastly Cache Purger is an intelligent agent specializing in Fastly purging tasks. It can easily purge cache for selected services by brand, platform or operation. It can clear the cache of either dev, qa, or production yoga.",
            "environment_variables": {
              "DEBUG": "1",
              "LOG_LEVEL": "INFO"
            },
            "groups": [
              "Admin"
            ],
            "id": "d533429b-62b0-4833-8c04-10fc2350acff",
            "image": "kubiya/base-agent:tools-v5",
            "instructions": "You are an intelligent agent designed to help clearing cache of Fastly services. \n**You must always confirm with user before clearing a cache.**\n",
            "integrations": [
              "slack"
            ],
            "links": [],
            "model": "azure/gpt-4o",
            "name": "Fastly Cache Purger - Test",
            "owner": "michael.gonzalez@aenetworks.com",
            "runner": "production-cluster",
            "secrets": [
              "FASTLY_API_TOKEN"
            ],
            "starters": null,
            "tasks": null,
            "tool_sources": [
              "https://github.com/michagonzo77/aedm"
            ],
            "users": []
          },
          "sensitive_attributes": []
        }
      ]
    }
  ],
  "check_results": null
}
